
Microsoft Visual Studio Solution File, Format Version 12.00
# Visual Studio Version 16
VisualStudioVersion = 16.0.29709.97
MinimumVisualStudioVersion = 10.0.40219.1
Project("{FAE04EC0-301F-11D3-BF4B-00C04F79EFBC}") = "AddDaysToDate", "AddDaysToDate\AddDaysToDate.csproj", "{C1457E0B-5672-45FE-B298-CB233B9835AB}"
EndProject
Global
	GlobalSection(SolutionConfigurationPlatforms) = preSolution
		Debug|Any CPU = Debug|Any CPU
		Release|Any CPU = Release|Any CPU
	EndGlobalSection
	GlobalSection(ProjectConfigurationPlatforms) = postSolution
		{C1457E0B-5672-45FE-B298-CB233B9835AB}.Debug|Any CPU.ActiveCfg = Debug|Any CPU
		{C1457E0B-5672-45FE-B298-CB233B9835AB}.Debug|Any CPU.Build.0 = Debug|Any CPU
		{C1457E0B-5672-45FE-B298-CB233B9835AB}.Release|Any CPU.ActiveCfg = Release|Any CPU
		{C1457E0B-5672-45FE-B298-CB233B9835AB}.Release|Any CPU.Build.0 = Release|Any CPU
	EndGlobalSection
	GlobalSection(SolutionProperties) = preSolution
		HideSolutionNode = FALSE
	EndGlobalSection
	GlobalSection(ExtensibilityGlobals) = postSolution
		SolutionGuid = {1089B218-29A6-4F36-81E0-DD4FD7A00062}
	EndGlobalSection
EndGlobal
